
Microsoft Visual Studio Solution File, Format Version 12.00
# Visual Studio Version 17
VisualStudioVersion = 17.2.32526.322
MinimumVisualStudioVersion = 10.0.40219.1
Project("{FAE04EC0-301F-11D3-BF4B-00C04F79EFBC}") = "MatchingGame", "MatchingGame\MatchingGame.csproj", "{706DC653-B251-4CA3-AB14-6012E3836AC0}"
EndProject
Global
	GlobalSection(SolutionConfigurationPlatforms) = preSolution
		Debug|Any CPU = Debug|Any CPU
		Release|Any CPU = Release|Any CPU
	EndGlobalSection
	GlobalSection(ProjectConfigurationPlatforms) = postSolution
		{706DC653-B251-4CA3-AB14-6012E3836AC0}.Debug|Any CPU.ActiveCfg = Debug|Any CPU
		{706DC653-B251-4CA3-AB14-6012E3836AC0}.Debug|Any CPU.Build.0 = Debug|Any CPU
		{706DC653-B251-4CA3-AB14-6012E3836AC0}.Release|Any CPU.ActiveCfg = Release|Any CPU
		{706DC653-B251-4CA3-AB14-6012E3836AC0}.Release|Any CPU.Build.0 = Release|Any CPU
	EndGlobalSection
	GlobalSection(SolutionProperties) = preSolution
		HideSolutionNode = FALSE
	EndGlobalSection
	GlobalSection(ExtensibilityGlobals) = postSolution
		SolutionGuid = {EA08DE47-1D2C-4D47-BF7D-635AB35BE933}
	EndGlobalSection
EndGlobal
